{
  "name": "@three-em/node",
  "version": "0.2.11",
  "lockfileVersion": 2,
  "requires": true,
  "packages": {
    "": {
      "name": "@three-em/node",
      "version": "0.2.11",
      "license": "MIT",
      "dependencies": {
        "detect-libc": "^1.0.3"
      },
      "devDependencies": {
        "@napi-rs/cli": "^2.0.0"
      },
      "optionalDependencies": {
        "@three-em/node-darwin-arm64": "0.2.11"
      }
    },
    "node_modules/@napi-rs/cli": {
      "version": "2.4.2",
      "resolved": "https://registry.npmjs.org/@napi-rs/cli/-/cli-2.4.2.tgz",
      "integrity": "sha512-+yCOuPqernvD8BMphbadF87ElaJ0rjanOZrbnauaEdR07YyoalGw3FTk15HHyflIwQKlYd69gkG5EM4WFkICKw==",
      "dev": true,
      "bin": {
        "napi": "scripts/index.js"
      },
      "engines": {
        "node": ">= 10"
      },
      "funding": {
        "type": "github",
        "url": "https://github.com/sponsors/Brooooooklyn"
      }
    },
    "node_modules/@three-em/node-darwin-arm64": {
      "version": "0.2.11",
      "resolved": "https://registry.npmjs.org/@three-em/node-darwin-arm64/-/node-darwin-arm64-0.2.11.tgz",
      "integrity": "sha512-b40F82dNdF5vpwzO4KP0KeAIfaVOLHsitHjDHNsaluit451ObuHubYc+Iu3F0jEclKnKlLW9CFUyr1qJd+/SZw==",
      "cpu": [
        "arm64"
      ],
      "optional": true,
      "os": [
        "darwin"
      ]
    },
    "node_modules/detect-libc": {
      "version": "1.0.3",
      "resolved": "https://registry.npmjs.org/detect-libc/-/detect-libc-1.0.3.tgz",
      "integrity": "sha1-+hN8S9aY7fVc1c0CrFWfkaTEups=",
      "bin": {
        "detect-libc": "bin/detect-libc.js"
      },
      "engines": {
        "node": ">=0.10"
      }
    }
  },
  "dependencies": {
    "@napi-rs/cli": {
      "version": "2.4.2",
      "resolved": "https://registry.npmjs.org/@napi-rs/cli/-/cli-2.4.2.tgz",
      "integrity": "sha512-+yCOuPqernvD8BMphbadF87ElaJ0rjanOZrbnauaEdR07YyoalGw3FTk15HHyflIwQKlYd69gkG5EM4WFkICKw==",
      "dev": true
    },
    "@three-em/node-darwin-arm64": {
      "version": "0.2.11",
      "resolved": "https://registry.npmjs.org/@three-em/node-darwin-arm64/-/node-darwin-arm64-0.2.11.tgz",
      "integrity": "sha512-b40F82dNdF5vpwzO4KP0KeAIfaVOLHsitHjDHNsaluit451ObuHubYc+Iu3F0jEclKnKlLW9CFUyr1qJd+/SZw==",
      "optional": true
    },
    "detect-libc": {
      "version": "1.0.3",
      "resolved": "https://registry.npmjs.org/detect-libc/-/detect-libc-1.0.3.tgz",
      "integrity": "sha1-+hN8S9aY7fVc1c0CrFWfkaTEups="
    }
  }
}
