# THIS IS AN AUTOGENERATED FILE. DO NOT EDIT THIS FILE DIRECTLY.
# yarn lockfile v1


"@napi-rs/cli@^2.0.0":
  "integrity" "sha512-+yCOuPqernvD8BMphbadF87ElaJ0rjanOZrbnauaEdR07YyoalGw3FTk15HHyflIwQKlYd69gkG5EM4WFkICKw=="
  "resolved" "https://registry.npmjs.org/@napi-rs/cli/-/cli-2.4.2.tgz"
  "version" "2.4.2"

"detect-libc@^1.0.3":
  "integrity" "sha1-+hN8S9aY7fVc1c0CrFWfkaTEups="
  "resolved" "https://registry.npmjs.org/detect-libc/-/detect-libc-1.0.3.tgz"
  "version" "1.0.3"
