# THIS IS AN AUTOGENERATED FILE. DO NOT EDIT THIS FILE DIRECTLY.
# yarn lockfile v1


"@napi-rs/cli@^2.0.0":
  version "2.4.2"
  resolved "https://registry.yarnpkg.com/@napi-rs/cli/-/cli-2.4.2.tgz#89b32c7d8776004bc9617915605aea769339cf6f"
  integrity sha512-+yCOuPqernvD8BMphbadF87ElaJ0rjanOZrbnauaEdR07YyoalGw3FTk15HHyflIwQKlYd69gkG5EM4WFkICKw==

"@three-em/node-darwin-arm64@0.2.9":
  version "0.2.9"
  resolved "https://registry.yarnpkg.com/@three-em/node-darwin-arm64/-/node-darwin-arm64-0.2.9.tgz#20e5db84a45831e0ae56923b344ce50e7b8e945a"
  integrity sha512-G8K1IQxmWBqTDRG2zYJfRhceJo9HeaRVfmgjazcfsUU3w2SuMRsYE6/0zT53tsMe3tFPERxl6w+mBGD9pGGe8g==

detect-libc@^1.0.3:
  version "1.0.3"
  resolved "https://registry.yarnpkg.com/detect-libc/-/detect-libc-1.0.3.tgz#fa137c4bd698edf55cd5cd02ac559f91a4c4ba9b"
  integrity sha1-+hN8S9aY7fVc1c0CrFWfkaTEups=
